
Microsoft Visual Studio Solution File, Format Version 12.00
# Visual Studio Version 17
VisualStudioVersion = 17.14.36310.24
MinimumVisualStudioVersion = 10.0.40219.1
Project("{FAE04EC0-301F-11D3-BF4B-00C04F79EFBC}") = "CotizadorAutoMAPRESeguros", "CotizadorAutoMAPRESeguros\CotizadorAutoMAPRESeguros.csproj", "{44683607-A8E8-4240-8CE6-ACC98BA9B1A4}"
EndProject
Project("{FAE04EC0-301F-11D3-BF4B-00C04F79EFBC}") = "CotizadorAutoMAPFRESeguros.Share", "CotizadorAutoMAPFRESeguros.Share\CotizadorAutoMAPFRESeguros.Share.csproj", "{1126FC6E-57FA-442B-A35A-72B7C4912702}"
EndProject
Project("{FAE04EC0-301F-11D3-BF4B-00C04F79EFBC}") = "CotizadorAutoMAPFRESeguros.Server", "CotizadorAutoMAPFRESeguros.Server\CotizadorAutoMAPFRESeguros.Server.csproj", "{0258D859-48BE-4645-BF18-2A41F83F2403}"
EndProject
Global
	GlobalSection(SolutionConfigurationPlatforms) = preSolution
		Debug|Any CPU = Debug|Any CPU
		Release|Any CPU = Release|Any CPU
	EndGlobalSection
	GlobalSection(ProjectConfigurationPlatforms) = postSolution
		{44683607-A8E8-4240-8CE6-ACC98BA9B1A4}.Debug|Any CPU.ActiveCfg = Debug|Any CPU
		{44683607-A8E8-4240-8CE6-ACC98BA9B1A4}.Debug|Any CPU.Build.0 = Debug|Any CPU
		{44683607-A8E8-4240-8CE6-ACC98BA9B1A4}.Release|Any CPU.ActiveCfg = Release|Any CPU
		{44683607-A8E8-4240-8CE6-ACC98BA9B1A4}.Release|Any CPU.Build.0 = Release|Any CPU
		{1126FC6E-57FA-442B-A35A-72B7C4912702}.Debug|Any CPU.ActiveCfg = Debug|Any CPU
		{1126FC6E-57FA-442B-A35A-72B7C4912702}.Debug|Any CPU.Build.0 = Debug|Any CPU
		{1126FC6E-57FA-442B-A35A-72B7C4912702}.Release|Any CPU.ActiveCfg = Release|Any CPU
		{1126FC6E-57FA-442B-A35A-72B7C4912702}.Release|Any CPU.Build.0 = Release|Any CPU
		{0258D859-48BE-4645-BF18-2A41F83F2403}.Debug|Any CPU.ActiveCfg = Debug|Any CPU
		{0258D859-48BE-4645-BF18-2A41F83F2403}.Debug|Any CPU.Build.0 = Debug|Any CPU
		{0258D859-48BE-4645-BF18-2A41F83F2403}.Release|Any CPU.ActiveCfg = Release|Any CPU
		{0258D859-48BE-4645-BF18-2A41F83F2403}.Release|Any CPU.Build.0 = Release|Any CPU
	EndGlobalSection
	GlobalSection(SolutionProperties) = preSolution
		HideSolutionNode = FALSE
	EndGlobalSection
	GlobalSection(ExtensibilityGlobals) = postSolution
		SolutionGuid = {A72078F2-1EEB-4C34-9284-08E30038FF12}
	EndGlobalSection
EndGlobal
